
Microsoft Visual Studio Solution File, Format Version 12.00
# Visual Studio Version 17
VisualStudioVersion = 17.12.35527.113
MinimumVisualStudioVersion = 10.0.40219.1
Project("{FAE04EC0-301F-11D3-BF4B-00C04F79EFBC}") = "Data", "Data\Data.csproj", "{0540AFAD-1569-4BBF-85C0-A75698B5BEFF}"
EndProject
Project("{FAE04EC0-301F-11D3-BF4B-00C04F79EFBC}") = "Presentation.ConsoleApp", "Presentation.ConsoleApp\Presentation.ConsoleApp.csproj", "{460B392D-53E1-4EA9-8C5A-9A9D3B384E9B}"
EndProject
Global
	GlobalSection(SolutionConfigurationPlatforms) = preSolution
		Debug|Any CPU = Debug|Any CPU
		Release|Any CPU = Release|Any CPU
	EndGlobalSection
	GlobalSection(ProjectConfigurationPlatforms) = postSolution
		{0540AFAD-1569-4BBF-85C0-A75698B5BEFF}.Debug|Any CPU.ActiveCfg = Debug|Any CPU
		{0540AFAD-1569-4BBF-85C0-A75698B5BEFF}.Debug|Any CPU.Build.0 = Debug|Any CPU
		{0540AFAD-1569-4BBF-85C0-A75698B5BEFF}.Release|Any CPU.ActiveCfg = Release|Any CPU
		{0540AFAD-1569-4BBF-85C0-A75698B5BEFF}.Release|Any CPU.Build.0 = Release|Any CPU
		{460B392D-53E1-4EA9-8C5A-9A9D3B384E9B}.Debug|Any CPU.ActiveCfg = Debug|Any CPU
		{460B392D-53E1-4EA9-8C5A-9A9D3B384E9B}.Debug|Any CPU.Build.0 = Debug|Any CPU
		{460B392D-53E1-4EA9-8C5A-9A9D3B384E9B}.Release|Any CPU.ActiveCfg = Release|Any CPU
		{460B392D-53E1-4EA9-8C5A-9A9D3B384E9B}.Release|Any CPU.Build.0 = Release|Any CPU
	EndGlobalSection
	GlobalSection(SolutionProperties) = preSolution
		HideSolutionNode = FALSE
	EndGlobalSection
EndGlobal
